
Microsoft Visual Studio Solution File, Format Version 12.00
# Visual Studio Version 16
VisualStudioVersion = 16.0.30011.22
MinimumVisualStudioVersion = 10.0.40219.1
Project("{FAE04EC0-301F-11D3-BF4B-00C04F79EFBC}") = "ToDoList.Desktop", "ToDoList\ToDoList.Desktop.csproj", "{15F0558D-5BB1-476F-86D0-416B6BEE9C06}"
EndProject
Project("{FAE04EC0-301F-11D3-BF4B-00C04F79EFBC}") = "ToDoList.Logic", "ToDoListLogic\ToDoList.Logic.csproj", "{885834FD-7318-4878-BC52-18640E85C86C}"
EndProject
Project("{FAE04EC0-301F-11D3-BF4B-00C04F79EFBC}") = "ToDoList.Data", "ToDoList.Data\ToDoList.Data.csproj", "{5C4042EB-2B61-4A5E-B871-C43BC4F08DEC}"
EndProject
Global
	GlobalSection(SolutionConfigurationPlatforms) = preSolution
		Debug|Any CPU = Debug|Any CPU
		Release|Any CPU = Release|Any CPU
	EndGlobalSection
	GlobalSection(ProjectConfigurationPlatforms) = postSolution
		{15F0558D-5BB1-476F-86D0-416B6BEE9C06}.Debug|Any CPU.ActiveCfg = Debug|Any CPU
		{15F0558D-5BB1-476F-86D0-416B6BEE9C06}.Debug|Any CPU.Build.0 = Debug|Any CPU
		{15F0558D-5BB1-476F-86D0-416B6BEE9C06}.Release|Any CPU.ActiveCfg = Release|Any CPU
		{15F0558D-5BB1-476F-86D0-416B6BEE9C06}.Release|Any CPU.Build.0 = Release|Any CPU
		{885834FD-7318-4878-BC52-18640E85C86C}.Debug|Any CPU.ActiveCfg = Debug|Any CPU
		{885834FD-7318-4878-BC52-18640E85C86C}.Debug|Any CPU.Build.0 = Debug|Any CPU
		{885834FD-7318-4878-BC52-18640E85C86C}.Release|Any CPU.ActiveCfg = Release|Any CPU
		{885834FD-7318-4878-BC52-18640E85C86C}.Release|Any CPU.Build.0 = Release|Any CPU
		{5C4042EB-2B61-4A5E-B871-C43BC4F08DEC}.Debug|Any CPU.ActiveCfg = Debug|Any CPU
		{5C4042EB-2B61-4A5E-B871-C43BC4F08DEC}.Debug|Any CPU.Build.0 = Debug|Any CPU
		{5C4042EB-2B61-4A5E-B871-C43BC4F08DEC}.Release|Any CPU.ActiveCfg = Release|Any CPU
		{5C4042EB-2B61-4A5E-B871-C43BC4F08DEC}.Release|Any CPU.Build.0 = Release|Any CPU
	EndGlobalSection
	GlobalSection(SolutionProperties) = preSolution
		HideSolutionNode = FALSE
	EndGlobalSection
	GlobalSection(ExtensibilityGlobals) = postSolution
		SolutionGuid = {9163F4A0-6A0D-4560-837A-E4FDCE817D14}
	EndGlobalSection
EndGlobal
